
Microsoft Visual Studio Solution File, Format Version 12.00
# Visual Studio 2017
Project("{FAE04EC0-301F-11D3-BF4B-00C04F79EFBC}") = "BazingaMotors", "BazingaMotors.csproj", "{7DF6E0AF-2BBC-48E1-B2A9-0FF09C6772F3}"
EndProject
Global
	GlobalSection(SolutionConfigurationPlatforms) = preSolution
		Debug|Any CPU = Debug|Any CPU
		Release|Any CPU = Release|Any CPU
	EndGlobalSection
	GlobalSection(ProjectConfigurationPlatforms) = postSolution
		{7DF6E0AF-2BBC-48E1-B2A9-0FF09C6772F3}.Debug|Any CPU.ActiveCfg = Debug|Any CPU
		{7DF6E0AF-2BBC-48E1-B2A9-0FF09C6772F3}.Debug|Any CPU.Build.0 = Debug|Any CPU
		{7DF6E0AF-2BBC-48E1-B2A9-0FF09C6772F3}.Release|Any CPU.ActiveCfg = Release|Any CPU
		{7DF6E0AF-2BBC-48E1-B2A9-0FF09C6772F3}.Release|Any CPU.Build.0 = Release|Any CPU
	EndGlobalSection
EndGlobal
